
Microsoft Visual Studio Solution File, Format Version 12.00
# Visual Studio Version 16
VisualStudioVersion = 16.0.30413.136
MinimumVisualStudioVersion = 10.0.40219.1
Project("{FAE04EC0-301F-11D3-BF4B-00C04F79EFBC}") = "BubbleSort", "BubbleSort\BubbleSort.csproj", "{AA6E4216-7196-4BB9-9A51-221E0818B431}"
EndProject
Global
	GlobalSection(SolutionConfigurationPlatforms) = preSolution
		Debug|Any CPU = Debug|Any CPU
		Release|Any CPU = Release|Any CPU
	EndGlobalSection
	GlobalSection(ProjectConfigurationPlatforms) = postSolution
		{AA6E4216-7196-4BB9-9A51-221E0818B431}.Debug|Any CPU.ActiveCfg = Debug|Any CPU
		{AA6E4216-7196-4BB9-9A51-221E0818B431}.Debug|Any CPU.Build.0 = Debug|Any CPU
		{AA6E4216-7196-4BB9-9A51-221E0818B431}.Release|Any CPU.ActiveCfg = Release|Any CPU
		{AA6E4216-7196-4BB9-9A51-221E0818B431}.Release|Any CPU.Build.0 = Release|Any CPU
	EndGlobalSection
	GlobalSection(SolutionProperties) = preSolution
		HideSolutionNode = FALSE
	EndGlobalSection
	GlobalSection(ExtensibilityGlobals) = postSolution
		SolutionGuid = {A6C4BF1C-A86F-4CD1-BC05-F18A2D621250}
	EndGlobalSection
EndGlobal
