
Microsoft Visual Studio Solution File, Format Version 12.00
# Visual Studio Version 16
VisualStudioVersion = 16.0.30413.136
MinimumVisualStudioVersion = 10.0.40219.1
Project("{FAE04EC0-301F-11D3-BF4B-00C04F79EFBC}") = "SelectionSort", "SelectionSort\SelectionSort.csproj", "{6E082E88-C4B9-4D78-BF0D-99A3B52747CD}"
EndProject
Global
	GlobalSection(SolutionConfigurationPlatforms) = preSolution
		Debug|Any CPU = Debug|Any CPU
		Release|Any CPU = Release|Any CPU
	EndGlobalSection
	GlobalSection(ProjectConfigurationPlatforms) = postSolution
		{6E082E88-C4B9-4D78-BF0D-99A3B52747CD}.Debug|Any CPU.ActiveCfg = Debug|Any CPU
		{6E082E88-C4B9-4D78-BF0D-99A3B52747CD}.Debug|Any CPU.Build.0 = Debug|Any CPU
		{6E082E88-C4B9-4D78-BF0D-99A3B52747CD}.Release|Any CPU.ActiveCfg = Release|Any CPU
		{6E082E88-C4B9-4D78-BF0D-99A3B52747CD}.Release|Any CPU.Build.0 = Release|Any CPU
	EndGlobalSection
	GlobalSection(SolutionProperties) = preSolution
		HideSolutionNode = FALSE
	EndGlobalSection
	GlobalSection(ExtensibilityGlobals) = postSolution
		SolutionGuid = {58C4BE72-6330-41D6-B9EC-901ED5C0A07A}
	EndGlobalSection
EndGlobal
